// !$*UTF8*$!
{
	archiveVersion = 1;
	classes = {
	};
	objectVersion = 55;
	objects = {

/* Begin PBXBuildFile section */
		1A0E3A992862F7E200132FCB /* AppDelegate.swift in Sources */ = {isa = PBXBuildFile; fileRef = 1A0E3A982862F7E200132FCB /* AppDelegate.swift */; };
		1A0E3A9B2862F7E200132FCB /* SceneDelegate.swift in Sources */ = {isa = PBXBuildFile; fileRef = 1A0E3A9A2862F7E200132FCB /* SceneDelegate.swift */; };
		1A0E3AA22862F7E300132FCB /* Assets.xcassets in Resources */ = {isa = PBXBuildFile; fileRef = 1A0E3AA12862F7E300132FCB /* Assets.xcassets */; };
		1A0E3AA52862F7E300132FCB /* LaunchScreen.storyboard in Resources */ = {isa = PBXBuildFile; fileRef = 1A0E3AA32862F7E300132FCB /* LaunchScreen.storyboard */; };
		1A7B9BBD286D81AA00EBC1A6 /* CharacterEntity.swift in Sources */ = {isa = PBXBuildFile; fileRef = 1A7B9BBC286D81AA00EBC1A6 /* CharacterEntity.swift */; };
		1A7B9BBF286D81B600EBC1A6 /* ThumbnailEntity.swift in Sources */ = {isa = PBXBuildFile; fileRef = 1A7B9BBE286D81B600EBC1A6 /* ThumbnailEntity.swift */; };
		1A821ECC2862FF990024D397 /* String+Ext.swift in Sources */ = {isa = PBXBuildFile; fileRef = 1A821ECB2862FF990024D397 /* String+Ext.swift */; };
		1A821ED4286302EC0024D397 /* CharacterDataContainerEntity.swift in Sources */ = {isa = PBXBuildFile; fileRef = 1A821ED3286302EC0024D397 /* CharacterDataContainerEntity.swift */; };
		1A821ED82863081A0024D397 /* CharactersRepository.swift in Sources */ = {isa = PBXBuildFile; fileRef = 1A821ED72863081A0024D397 /* CharactersRepository.swift */; };
		1AC0347F2863214900E93178 /* GetCharactersUseCase.swift in Sources */ = {isa = PBXBuildFile; fileRef = 1AC0347E2863214900E93178 /* GetCharactersUseCase.swift */; };
		5B6C80C52DF0CA460096F885 /* HttpConstants.swift in Sources */ = {isa = PBXBuildFile; fileRef = 5B6C80C42DF0CA460096F885 /* HttpConstants.swift */; };
		5B6C80C72DF0CBC40096F885 /* RemoteDataSource.swift in Sources */ = {isa = PBXBuildFile; fileRef = 5B6C80C62DF0CBC40096F885 /* RemoteDataSource.swift */; };
		5B6C80CB2DF18AA80096F885 /* DataError.swift in Sources */ = {isa = PBXBuildFile; fileRef = 5B6C80CA2DF18AA80096F885 /* DataError.swift */; };
		5B6C80CE2DF195300096F885 /* API.swift in Sources */ = {isa = PBXBuildFile; fileRef = 5B6C80CD2DF195300096F885 /* API.swift */; };
		5B6C80D12DF195600096F885 /* CharactersAPI.swift in Sources */ = {isa = PBXBuildFile; fileRef = 5B6C80D02DF195600096F885 /* CharactersAPI.swift */; };
		5B6C80D32DF195E90096F885 /* URLRequestConvertible.swift in Sources */ = {isa = PBXBuildFile; fileRef = 5B6C80D22DF195E90096F885 /* URLRequestConvertible.swift */; };
		5B6C80D52DF19AFC0096F885 /* CharactersRemoteDataSource.swift in Sources */ = {isa = PBXBuildFile; fileRef = 5B6C80D42DF19AFC0096F885 /* CharactersRemoteDataSource.swift */; };
		5B6C80DA2DF239260096F885 /* CharactersPage.swift in Sources */ = {isa = PBXBuildFile; fileRef = 5B6C80D92DF239260096F885 /* CharactersPage.swift */; };
		5B6C80DC2DF239820096F885 /* Character.swift in Sources */ = {isa = PBXBuildFile; fileRef = 5B6C80DB2DF239820096F885 /* Character.swift */; };
		5B6C80DF2DF23B010096F885 /* CharactersPageMapper.swift in Sources */ = {isa = PBXBuildFile; fileRef = 5B6C80DE2DF23B010096F885 /* CharactersPageMapper.swift */; };
		5B6C80E12DF23B710096F885 /* CharacterMapper.swift in Sources */ = {isa = PBXBuildFile; fileRef = 5B6C80E02DF23B710096F885 /* CharacterMapper.swift */; };
		5B6C81922DF2470E0096F885 /* CharactersListView.swift in Sources */ = {isa = PBXBuildFile; fileRef = 5B6C81912DF2470E0096F885 /* CharactersListView.swift */; };
		5B6C81942DF247270096F885 /* CharactersListViewModel.swift in Sources */ = {isa = PBXBuildFile; fileRef = 5B6C81932DF247270096F885 /* CharactersListViewModel.swift */; };
		5B9C30752DF348FA00D1D3CB /* Swinject in Frameworks */ = {isa = PBXBuildFile; productRef = 5B9C30742DF348FA00D1D3CB /* Swinject */; };
		5B9C30782DF349BD00D1D3CB /* DIContainer.swift in Sources */ = {isa = PBXBuildFile; fileRef = 5B9C30772DF349BD00D1D3CB /* DIContainer.swift */; };
		5B9C31292DF443DA00D1D3CB /* SwiftyMocky in Frameworks */ = {isa = PBXBuildFile; productRef = 5B9C31282DF443DA00D1D3CB /* SwiftyMocky */; };
		5B9C31312DF46B0D00D1D3CB /* Mock.generated.swift in Sources */ = {isa = PBXBuildFile; fileRef = 5B9C31302DF46B0D00D1D3CB /* Mock.generated.swift */; };
		5B9C31E52DF4708B00D1D3CB /* CharactersRepositoryTests.swift in Sources */ = {isa = PBXBuildFile; fileRef = 5B9C31E42DF4708B00D1D3CB /* CharactersRepositoryTests.swift */; };
		5B9C31E72DF488F900D1D3CB /* GetCharactersUseCaseTests.swift in Sources */ = {isa = PBXBuildFile; fileRef = 5B9C31E62DF488F900D1D3CB /* GetCharactersUseCaseTests.swift */; };
		5B9C31E92DF4938000D1D3CB /* MockCharactersListViewModel.swift in Sources */ = {isa = PBXBuildFile; fileRef = 5B9C31E82DF4938000D1D3CB /* MockCharactersListViewModel.swift */; };
		5B9C31ED2DF4946700D1D3CB /* CharactersListViewModelTests.swift in Sources */ = {isa = PBXBuildFile; fileRef = 5B9C31EC2DF4946700D1D3CB /* CharactersListViewModelTests.swift */; };
		5B9C32082DF4B1A200D1D3CB /* SnapshotTesting in Frameworks */ = {isa = PBXBuildFile; productRef = 5B9C32072DF4B1A200D1D3CB /* SnapshotTesting */; };
		5B9C320C2DF4B22A00D1D3CB /* CharactersListScreenTests.swift in Sources */ = {isa = PBXBuildFile; fileRef = 5B9C31F72DF4AE4B00D1D3CB /* CharactersListScreenTests.swift */; };
		5B9C320F2DF4B24B00D1D3CB /* Devices.swift in Sources */ = {isa = PBXBuildFile; fileRef = 5B9C31F22DF4AB3D00D1D3CB /* Devices.swift */; };
		5B9C32BF2DF4CD3600D1D3CB /* UIGroup.swift in Sources */ = {isa = PBXBuildFile; fileRef = 5B9C32BE2DF4CD3600D1D3CB /* UIGroup.swift */; };
		5B9C32C12DF4CD6100D1D3CB /* CharactersListUIGroup.swift in Sources */ = {isa = PBXBuildFile; fileRef = 5B9C32C02DF4CD6100D1D3CB /* CharactersListUIGroup.swift */; };
		5B9C33712DF6D86800D1D3CB /* CharacterDetailViewModel.swift in Sources */ = {isa = PBXBuildFile; fileRef = 5B9C33702DF6D86800D1D3CB /* CharacterDetailViewModel.swift */; };
		5B9C33732DF6D87100D1D3CB /* CharacterDetailView.swift in Sources */ = {isa = PBXBuildFile; fileRef = 5B9C33722DF6D87100D1D3CB /* CharacterDetailView.swift */; };
		5B9C33752DF6E0D100D1D3CB /* MockCharacterViewModel.swift in Sources */ = {isa = PBXBuildFile; fileRef = 5B9C33742DF6E0D100D1D3CB /* MockCharacterViewModel.swift */; };
		5B9C33782DF6FD0800D1D3CB /* Coordinator.swift in Sources */ = {isa = PBXBuildFile; fileRef = 5B9C33772DF6FD0800D1D3CB /* Coordinator.swift */; };
		5B9C337A2DF7357900D1D3CB /* Thumbnail.swift in Sources */ = {isa = PBXBuildFile; fileRef = 5B9C33792DF7357900D1D3CB /* Thumbnail.swift */; };
		5B9C33802DF795FD00D1D3CB /* CharacterDetailUIGroup.swift in Sources */ = {isa = PBXBuildFile; fileRef = 5B9C337F2DF795FD00D1D3CB /* CharacterDetailUIGroup.swift */; };
		5B9C33832DF796DB00D1D3CB /* CharacterDetailScreenTests.swift in Sources */ = {isa = PBXBuildFile; fileRef = 5B9C33822DF796DB00D1D3CB /* CharacterDetailScreenTests.swift */; };
		5B9C33852DF858AB00D1D3CB /* ComicDataContainerEntity.swift in Sources */ = {isa = PBXBuildFile; fileRef = 5B9C33842DF858AB00D1D3CB /* ComicDataContainerEntity.swift */; };
		5B9C33872DF858C600D1D3CB /* ComicEntity.swift in Sources */ = {isa = PBXBuildFile; fileRef = 5B9C33862DF858C600D1D3CB /* ComicEntity.swift */; };
		5B9C33892DF85B9400D1D3CB /* Comic.swift in Sources */ = {isa = PBXBuildFile; fileRef = 5B9C33882DF85B9400D1D3CB /* Comic.swift */; };
		5B9C338B2DF85CAA00D1D3CB /* ComicsPage.swift in Sources */ = {isa = PBXBuildFile; fileRef = 5B9C338A2DF85CAA00D1D3CB /* ComicsPage.swift */; };
		5B9C338D2DF85CEB00D1D3CB /* ComicMapper.swift in Sources */ = {isa = PBXBuildFile; fileRef = 5B9C338C2DF85CEB00D1D3CB /* ComicMapper.swift */; };
		5B9C338F2DF85CFB00D1D3CB /* ComicsPageMapper.swift in Sources */ = {isa = PBXBuildFile; fileRef = 5B9C338E2DF85CFB00D1D3CB /* ComicsPageMapper.swift */; };
		5B9C33912DF85DB200D1D3CB /* ThumbnailMapper.swift in Sources */ = {isa = PBXBuildFile; fileRef = 5B9C33902DF85DB200D1D3CB /* ThumbnailMapper.swift */; };
		5B9C33932DF85E7400D1D3CB /* GetCharacterComicsUseCase.swift in Sources */ = {isa = PBXBuildFile; fileRef = 5B9C33922DF85E7400D1D3CB /* GetCharacterComicsUseCase.swift */; };
		5B9C33972DF8B8AE00D1D3CB /* EmptyState.swift in Sources */ = {isa = PBXBuildFile; fileRef = 5B9C33962DF8B8AE00D1D3CB /* EmptyState.swift */; };
		5B9C339A2DF8B97600D1D3CB /* ErrorState.swift in Sources */ = {isa = PBXBuildFile; fileRef = 5B9C33992DF8B97600D1D3CB /* ErrorState.swift */; };
		A66389F32DCE202500466318 /* Kingfisher in Frameworks */ = {isa = PBXBuildFile; productRef = A66389F22DCE202500466318 /* Kingfisher */; };
/* End PBXBuildFile section */

/* Begin PBXContainerItemProxy section */
		1A0E3AAC2862F7E300132FCB /* PBXContainerItemProxy */ = {
			isa = PBXContainerItemProxy;
			containerPortal = 1A0E3A8D2862F7E200132FCB /* Project object */;
			proxyType = 1;
			remoteGlobalIDString = 1A0E3A942862F7E200132FCB;
			remoteInfo = WallaMarvel;
		};
		1A0E3AB62862F7E300132FCB /* PBXContainerItemProxy */ = {
			isa = PBXContainerItemProxy;
			containerPortal = 1A0E3A8D2862F7E200132FCB /* Project object */;
			proxyType = 1;
			remoteGlobalIDString = 1A0E3A942862F7E200132FCB;
			remoteInfo = WallaMarvel;
		};
		5B9C32012DF4B16900D1D3CB /* PBXContainerItemProxy */ = {
			isa = PBXContainerItemProxy;
			containerPortal = 1A0E3A8D2862F7E200132FCB /* Project object */;
			proxyType = 1;
			remoteGlobalIDString = 1A0E3A942862F7E200132FCB;
			remoteInfo = WallaMarvel;
		};
/* End PBXContainerItemProxy section */

/* Begin PBXFileReference section */
		1A0E3A952862F7E200132FCB /* WallaMarvel.app */ = {isa = PBXFileReference; explicitFileType = wrapper.application; includeInIndex = 0; path = WallaMarvel.app; sourceTree = BUILT_PRODUCTS_DIR; };
		1A0E3A982862F7E200132FCB /* AppDelegate.swift */ = {isa = PBXFileReference; lastKnownFileType = sourcecode.swift; path = AppDelegate.swift; sourceTree = "<group>"; };
		1A0E3A9A2862F7E200132FCB /* SceneDelegate.swift */ = {isa = PBXFileReference; lastKnownFileType = sourcecode.swift; path = SceneDelegate.swift; sourceTree = "<group>"; };
		1A0E3AA12862F7E300132FCB /* Assets.xcassets */ = {isa = PBXFileReference; lastKnownFileType = folder.assetcatalog; path = Assets.xcassets; sourceTree = "<group>"; };
		1A0E3AA42862F7E300132FCB /* Base */ = {isa = PBXFileReference; lastKnownFileType = file.storyboard; name = Base; path = Base.lproj/LaunchScreen.storyboard; sourceTree = "<group>"; };
		1A0E3AA62862F7E300132FCB /* Info.plist */ = {isa = PBXFileReference; lastKnownFileType = text.plist.xml; path = Info.plist; sourceTree = "<group>"; };
		1A0E3AAB2862F7E300132FCB /* WallaMarvelTests.xctest */ = {isa = PBXFileReference; explicitFileType = wrapper.cfbundle; includeInIndex = 0; path = WallaMarvelTests.xctest; sourceTree = BUILT_PRODUCTS_DIR; };
		1A0E3AB52862F7E300132FCB /* WallaMarvelUITests.xctest */ = {isa = PBXFileReference; explicitFileType = wrapper.cfbundle; includeInIndex = 0; path = WallaMarvelUITests.xctest; sourceTree = BUILT_PRODUCTS_DIR; };
		1A7B9BBC286D81AA00EBC1A6 /* CharacterEntity.swift */ = {isa = PBXFileReference; lastKnownFileType = sourcecode.swift; path = CharacterEntity.swift; sourceTree = "<group>"; };
		1A7B9BBE286D81B600EBC1A6 /* ThumbnailEntity.swift */ = {isa = PBXFileReference; lastKnownFileType = sourcecode.swift; path = ThumbnailEntity.swift; sourceTree = "<group>"; };
		1A821ECB2862FF990024D397 /* String+Ext.swift */ = {isa = PBXFileReference; lastKnownFileType = sourcecode.swift; path = "String+Ext.swift"; sourceTree = "<group>"; };
		1A821ED3286302EC0024D397 /* CharacterDataContainerEntity.swift */ = {isa = PBXFileReference; lastKnownFileType = sourcecode.swift; path = CharacterDataContainerEntity.swift; sourceTree = "<group>"; };
		1A821ED72863081A0024D397 /* CharactersRepository.swift */ = {isa = PBXFileReference; lastKnownFileType = sourcecode.swift; path = CharactersRepository.swift; sourceTree = "<group>"; };
		1AC0347E2863214900E93178 /* GetCharactersUseCase.swift */ = {isa = PBXFileReference; lastKnownFileType = sourcecode.swift; path = GetCharactersUseCase.swift; sourceTree = "<group>"; };
		5B6C80BB2DF09D330096F885 /* Config.xcconfig */ = {isa = PBXFileReference; lastKnownFileType = text.xcconfig; path = Config.xcconfig; sourceTree = "<group>"; };
		5B6C80BF2DF0A78E0096F885 /* ConfigExample.xcconfig */ = {isa = PBXFileReference; lastKnownFileType = text.xcconfig; path = ConfigExample.xcconfig; sourceTree = "<group>"; };
		5B6C80C42DF0CA460096F885 /* HttpConstants.swift */ = {isa = PBXFileReference; lastKnownFileType = sourcecode.swift; path = HttpConstants.swift; sourceTree = "<group>"; };
		5B6C80C62DF0CBC40096F885 /* RemoteDataSource.swift */ = {isa = PBXFileReference; lastKnownFileType = sourcecode.swift; path = RemoteDataSource.swift; sourceTree = "<group>"; };
		5B6C80CA2DF18AA80096F885 /* DataError.swift */ = {isa = PBXFileReference; lastKnownFileType = sourcecode.swift; path = DataError.swift; sourceTree = "<group>"; };
		5B6C80CD2DF195300096F885 /* API.swift */ = {isa = PBXFileReference; lastKnownFileType = sourcecode.swift; path = API.swift; sourceTree = "<group>"; };
		5B6C80D02DF195600096F885 /* CharactersAPI.swift */ = {isa = PBXFileReference; lastKnownFileType = sourcecode.swift; path = CharactersAPI.swift; sourceTree = "<group>"; };
		5B6C80D22DF195E90096F885 /* URLRequestConvertible.swift */ = {isa = PBXFileReference; lastKnownFileType = sourcecode.swift; path = URLRequestConvertible.swift; sourceTree = "<group>"; };
		5B6C80D42DF19AFC0096F885 /* CharactersRemoteDataSource.swift */ = {isa = PBXFileReference; lastKnownFileType = sourcecode.swift; path = CharactersRemoteDataSource.swift; sourceTree = "<group>"; };
		5B6C80D92DF239260096F885 /* CharactersPage.swift */ = {isa = PBXFileReference; lastKnownFileType = sourcecode.swift; path = CharactersPage.swift; sourceTree = "<group>"; };
		5B6C80DB2DF239820096F885 /* Character.swift */ = {isa = PBXFileReference; lastKnownFileType = sourcecode.swift; path = Character.swift; sourceTree = "<group>"; };
		5B6C80DE2DF23B010096F885 /* CharactersPageMapper.swift */ = {isa = PBXFileReference; lastKnownFileType = sourcecode.swift; path = CharactersPageMapper.swift; sourceTree = "<group>"; };
		5B6C80E02DF23B710096F885 /* CharacterMapper.swift */ = {isa = PBXFileReference; lastKnownFileType = sourcecode.swift; path = CharacterMapper.swift; sourceTree = "<group>"; };
		5B6C81912DF2470E0096F885 /* CharactersListView.swift */ = {isa = PBXFileReference; lastKnownFileType = sourcecode.swift; path = CharactersListView.swift; sourceTree = "<group>"; };
		5B6C81932DF247270096F885 /* CharactersListViewModel.swift */ = {isa = PBXFileReference; lastKnownFileType = sourcecode.swift; path = CharactersListViewModel.swift; sourceTree = "<group>"; };
		5B9C30772DF349BD00D1D3CB /* DIContainer.swift */ = {isa = PBXFileReference; lastKnownFileType = sourcecode.swift; path = DIContainer.swift; sourceTree = "<group>"; };
		5B9C31302DF46B0D00D1D3CB /* Mock.generated.swift */ = {isa = PBXFileReference; lastKnownFileType = sourcecode.swift; path = Mock.generated.swift; sourceTree = "<group>"; };
		5B9C31E42DF4708B00D1D3CB /* CharactersRepositoryTests.swift */ = {isa = PBXFileReference; lastKnownFileType = sourcecode.swift; path = CharactersRepositoryTests.swift; sourceTree = "<group>"; };
		5B9C31E62DF488F900D1D3CB /* GetCharactersUseCaseTests.swift */ = {isa = PBXFileReference; lastKnownFileType = sourcecode.swift; path = GetCharactersUseCaseTests.swift; sourceTree = "<group>"; };
		5B9C31E82DF4938000D1D3CB /* MockCharactersListViewModel.swift */ = {isa = PBXFileReference; lastKnownFileType = sourcecode.swift; path = MockCharactersListViewModel.swift; sourceTree = "<group>"; };
		5B9C31EC2DF4946700D1D3CB /* CharactersListViewModelTests.swift */ = {isa = PBXFileReference; lastKnownFileType = sourcecode.swift; path = CharactersListViewModelTests.swift; sourceTree = "<group>"; };
		5B9C31F22DF4AB3D00D1D3CB /* Devices.swift */ = {isa = PBXFileReference; lastKnownFileType = sourcecode.swift; path = Devices.swift; sourceTree = "<group>"; };
		5B9C31F72DF4AE4B00D1D3CB /* CharactersListScreenTests.swift */ = {isa = PBXFileReference; lastKnownFileType = sourcecode.swift; path = CharactersListScreenTests.swift; sourceTree = "<group>"; };
		5B9C31FD2DF4B16900D1D3CB /* WallaMarvelSnapshotTests.xctest */ = {isa = PBXFileReference; explicitFileType = wrapper.cfbundle; includeInIndex = 0; path = WallaMarvelSnapshotTests.xctest; sourceTree = BUILT_PRODUCTS_DIR; };
		5B9C32BE2DF4CD3600D1D3CB /* UIGroup.swift */ = {isa = PBXFileReference; lastKnownFileType = sourcecode.swift; path = UIGroup.swift; sourceTree = "<group>"; };
		5B9C32C02DF4CD6100D1D3CB /* CharactersListUIGroup.swift */ = {isa = PBXFileReference; lastKnownFileType = sourcecode.swift; path = CharactersListUIGroup.swift; sourceTree = "<group>"; };
		5B9C33702DF6D86800D1D3CB /* CharacterDetailViewModel.swift */ = {isa = PBXFileReference; lastKnownFileType = sourcecode.swift; path = CharacterDetailViewModel.swift; sourceTree = "<group>"; };
		5B9C33722DF6D87100D1D3CB /* CharacterDetailView.swift */ = {isa = PBXFileReference; lastKnownFileType = sourcecode.swift; path = CharacterDetailView.swift; sourceTree = "<group>"; };
		5B9C33742DF6E0D100D1D3CB /* MockCharacterViewModel.swift */ = {isa = PBXFileReference; lastKnownFileType = sourcecode.swift; path = MockCharacterViewModel.swift; sourceTree = "<group>"; };
		5B9C33772DF6FD0800D1D3CB /* Coordinator.swift */ = {isa = PBXFileReference; lastKnownFileType = sourcecode.swift; path = Coordinator.swift; sourceTree = "<group>"; };
		5B9C33792DF7357900D1D3CB /* Thumbnail.swift */ = {isa = PBXFileReference; lastKnownFileType = sourcecode.swift; path = Thumbnail.swift; sourceTree = "<group>"; };
		5B9C337F2DF795FD00D1D3CB /* CharacterDetailUIGroup.swift */ = {isa = PBXFileReference; lastKnownFileType = sourcecode.swift; path = CharacterDetailUIGroup.swift; sourceTree = "<group>"; };
		5B9C33822DF796DB00D1D3CB /* CharacterDetailScreenTests.swift */ = {isa = PBXFileReference; lastKnownFileType = sourcecode.swift; path = CharacterDetailScreenTests.swift; sourceTree = "<group>"; };
		5B9C33842DF858AB00D1D3CB /* ComicDataContainerEntity.swift */ = {isa = PBXFileReference; lastKnownFileType = sourcecode.swift; path = ComicDataContainerEntity.swift; sourceTree = "<group>"; };
		5B9C33862DF858C600D1D3CB /* ComicEntity.swift */ = {isa = PBXFileReference; lastKnownFileType = sourcecode.swift; path = ComicEntity.swift; sourceTree = "<group>"; };
		5B9C33882DF85B9400D1D3CB /* Comic.swift */ = {isa = PBXFileReference; lastKnownFileType = sourcecode.swift; path = Comic.swift; sourceTree = "<group>"; };
		5B9C338A2DF85CAA00D1D3CB /* ComicsPage.swift */ = {isa = PBXFileReference; lastKnownFileType = sourcecode.swift; path = ComicsPage.swift; sourceTree = "<group>"; };
		5B9C338C2DF85CEB00D1D3CB /* ComicMapper.swift */ = {isa = PBXFileReference; lastKnownFileType = sourcecode.swift; path = ComicMapper.swift; sourceTree = "<group>"; };
		5B9C338E2DF85CFB00D1D3CB /* ComicsPageMapper.swift */ = {isa = PBXFileReference; lastKnownFileType = sourcecode.swift; path = ComicsPageMapper.swift; sourceTree = "<group>"; };
		5B9C33902DF85DB200D1D3CB /* ThumbnailMapper.swift */ = {isa = PBXFileReference; lastKnownFileType = sourcecode.swift; path = ThumbnailMapper.swift; sourceTree = "<group>"; };
		5B9C33922DF85E7400D1D3CB /* GetCharacterComicsUseCase.swift */ = {isa = PBXFileReference; lastKnownFileType = sourcecode.swift; path = GetCharacterComicsUseCase.swift; sourceTree = "<group>"; };
		5B9C33962DF8B8AE00D1D3CB /* EmptyState.swift */ = {isa = PBXFileReference; lastKnownFileType = sourcecode.swift; path = EmptyState.swift; sourceTree = "<group>"; };
		5B9C33992DF8B97600D1D3CB /* ErrorState.swift */ = {isa = PBXFileReference; lastKnownFileType = sourcecode.swift; path = ErrorState.swift; sourceTree = "<group>"; };
/* End PBXFileReference section */

/* Begin PBXFrameworksBuildPhase section */
		1A0E3A922862F7E200132FCB /* Frameworks */ = {
			isa = PBXFrameworksBuildPhase;
			buildActionMask = 2147483647;
			files = (
				A66389F32DCE202500466318 /* Kingfisher in Frameworks */,
				5B9C30752DF348FA00D1D3CB /* Swinject in Frameworks */,
			);
			runOnlyForDeploymentPostprocessing = 0;
		};
		1A0E3AA82862F7E300132FCB /* Frameworks */ = {
			isa = PBXFrameworksBuildPhase;
			buildActionMask = 2147483647;
			files = (
				5B9C31292DF443DA00D1D3CB /* SwiftyMocky in Frameworks */,
			);
			runOnlyForDeploymentPostprocessing = 0;
		};
		1A0E3AB22862F7E300132FCB /* Frameworks */ = {
			isa = PBXFrameworksBuildPhase;
			buildActionMask = 2147483647;
			files = (
			);
			runOnlyForDeploymentPostprocessing = 0;
		};
		5B9C31FA2DF4B16900D1D3CB /* Frameworks */ = {
			isa = PBXFrameworksBuildPhase;
			buildActionMask = 2147483647;
			files = (
				5B9C32082DF4B1A200D1D3CB /* SnapshotTesting in Frameworks */,
			);
			runOnlyForDeploymentPostprocessing = 0;
		};
/* End PBXFrameworksBuildPhase section */

/* Begin PBXGroup section */
		1A0E3A8C2862F7E200132FCB = {
			isa = PBXGroup;
			children = (
				1A0E3A972862F7E200132FCB /* WallaMarvel */,
				1A0E3AAE2862F7E300132FCB /* WallaMarvelTests */,
				5B9C320A2DF4B1BE00D1D3CB /* WallaMarvelSnapshotTests */,
				1A0E3AB82862F7E300132FCB /* WallaMarvelUITests */,
				1A0E3A962862F7E200132FCB /* Products */,
			);
			sourceTree = "<group>";
		};
		1A0E3A962862F7E200132FCB /* Products */ = {
			isa = PBXGroup;
			children = (
				1A0E3A952862F7E200132FCB /* WallaMarvel.app */,
				1A0E3AAB2862F7E300132FCB /* WallaMarvelTests.xctest */,
				1A0E3AB52862F7E300132FCB /* WallaMarvelUITests.xctest */,
				5B9C31FD2DF4B16900D1D3CB /* WallaMarvelSnapshotTests.xctest */,
			);
			name = Products;
			sourceTree = "<group>";
		};
		1A0E3A972862F7E200132FCB /* WallaMarvel */ = {
			isa = PBXGroup;
			children = (
				1A0E3A982862F7E200132FCB /* AppDelegate.swift */,
				1A0E3A9A2862F7E200132FCB /* SceneDelegate.swift */,
				5B6C81902DF2429C0096F885 /* Presentation */,
				1A821EC62862FD650024D397 /* Domain */,
				1A821EC72862FD6E0024D397 /* Data */,
				5B9C33762DF6FCF600D1D3CB /* Coordinator */,
				5B9C30762DF3499700D1D3CB /* DI */,
				5B6C80D72DF1B6870096F885 /* Extensions */,
				1A0E3AA12862F7E300132FCB /* Assets.xcassets */,
				1A0E3AA32862F7E300132FCB /* LaunchScreen.storyboard */,
				1A0E3AA62862F7E300132FCB /* Info.plist */,
				5B6C80BB2DF09D330096F885 /* Config.xcconfig */,
				5B6C80BF2DF0A78E0096F885 /* ConfigExample.xcconfig */,
			);
			path = WallaMarvel;
			sourceTree = "<group>";
		};
		1A0E3AAE2862F7E300132FCB /* WallaMarvelTests */ = {
			isa = PBXGroup;
			children = (
				5B9C31EA2DF4944300D1D3CB /* Presentation */,
				5B9C31E02DF4704500D1D3CB /* Domain */,
				5B9C31E12DF4705000D1D3CB /* Data */,
				5B9C312D2DF46ABA00D1D3CB /* Mock */,
			);
			path = WallaMarvelTests;
			sourceTree = "<group>";
		};
		1A0E3AB82862F7E300132FCB /* WallaMarvelUITests */ = {
			isa = PBXGroup;
			children = (
			);
			path = WallaMarvelUITests;
			sourceTree = "<group>";
		};
		1A821EC42862FD470024D397 /* CharactersList */ = {
			isa = PBXGroup;
			children = (
				5B6C81912DF2470E0096F885 /* CharactersListView.swift */,
				5B6C81932DF247270096F885 /* CharactersListViewModel.swift */,
				5B9C31E82DF4938000D1D3CB /* MockCharactersListViewModel.swift */,
			);
			path = CharactersList;
			sourceTree = "<group>";
		};
		1A821EC52862FD500024D397 /* CharacterDetail */ = {
			isa = PBXGroup;
			children = (
				5B9C33722DF6D87100D1D3CB /* CharacterDetailView.swift */,
				5B9C33702DF6D86800D1D3CB /* CharacterDetailViewModel.swift */,
				5B9C33742DF6E0D100D1D3CB /* MockCharacterViewModel.swift */,
			);
			path = CharacterDetail;
			sourceTree = "<group>";
		};
		1A821EC62862FD650024D397 /* Domain */ = {
			isa = PBXGroup;
			children = (
				1AC0347D286320F000E93178 /* UseCases */,
				5B6C80D82DF2390A0096F885 /* Model */,
				5B6C80DD2DF23AE60096F885 /* Mapper */,
			);
			path = Domain;
			sourceTree = "<group>";
		};
		1A821EC72862FD6E0024D397 /* Data */ = {
			isa = PBXGroup;
			children = (
				1A821ED2286302D40024D397 /* Entity */,
				5B6C80D62DF1B4BD0096F885 /* Repository */,
				5B6C80C12DF0C7870096F885 /* DataSource */,
			);
			path = Data;
			sourceTree = "<group>";
		};
		1A821ED2286302D40024D397 /* Entity */ = {
			isa = PBXGroup;
			children = (
				1A821ED3286302EC0024D397 /* CharacterDataContainerEntity.swift */,
				1A7B9BBC286D81AA00EBC1A6 /* CharacterEntity.swift */,
				5B9C33842DF858AB00D1D3CB /* ComicDataContainerEntity.swift */,
				5B9C33862DF858C600D1D3CB /* ComicEntity.swift */,
				1A7B9BBE286D81B600EBC1A6 /* ThumbnailEntity.swift */,
			);
			path = Entity;
			sourceTree = "<group>";
		};
		1AC0347D286320F000E93178 /* UseCases */ = {
			isa = PBXGroup;
			children = (
				1AC0347E2863214900E93178 /* GetCharactersUseCase.swift */,
				5B9C33922DF85E7400D1D3CB /* GetCharacterComicsUseCase.swift */,
			);
			path = UseCases;
			sourceTree = "<group>";
		};
		5B6C80C12DF0C7870096F885 /* DataSource */ = {
			isa = PBXGroup;
			children = (
				5B6C80C92DF18AA20096F885 /* Core */,
				5B6C80C22DF0C78D0096F885 /* Remote */,
			);
			path = DataSource;
			sourceTree = "<group>";
		};
		5B6C80C22DF0C78D0096F885 /* Remote */ = {
			isa = PBXGroup;
			children = (
				5B6C80CC2DF1951D0096F885 /* API */,
				5B6C80C32DF0CA370096F885 /* Core */,
				5B6C80D42DF19AFC0096F885 /* CharactersRemoteDataSource.swift */,
			);
			path = Remote;
			sourceTree = "<group>";
		};
		5B6C80C32DF0CA370096F885 /* Core */ = {
			isa = PBXGroup;
			children = (
				5B6C80C42DF0CA460096F885 /* HttpConstants.swift */,
				5B6C80C62DF0CBC40096F885 /* RemoteDataSource.swift */,
				5B6C80D22DF195E90096F885 /* URLRequestConvertible.swift */,
			);
			path = Core;
			sourceTree = "<group>";
		};
		5B6C80C92DF18AA20096F885 /* Core */ = {
			isa = PBXGroup;
			children = (
				5B6C80CA2DF18AA80096F885 /* DataError.swift */,
			);
			path = Core;
			sourceTree = "<group>";
		};
		5B6C80CC2DF1951D0096F885 /* API */ = {
			isa = PBXGroup;
			children = (
				5B6C80CD2DF195300096F885 /* API.swift */,
				5B6C80CF2DF195400096F885 /* Marvel */,
			);
			path = API;
			sourceTree = "<group>";
		};
		5B6C80CF2DF195400096F885 /* Marvel */ = {
			isa = PBXGroup;
			children = (
				5B6C80D02DF195600096F885 /* CharactersAPI.swift */,
			);
			path = Marvel;
			sourceTree = "<group>";
		};
		5B6C80D62DF1B4BD0096F885 /* Repository */ = {
			isa = PBXGroup;
			children = (
				1A821ED72863081A0024D397 /* CharactersRepository.swift */,
			);
			path = Repository;
			sourceTree = "<group>";
		};
		5B6C80D72DF1B6870096F885 /* Extensions */ = {
			isa = PBXGroup;
			children = (
				1A821ECB2862FF990024D397 /* String+Ext.swift */,
			);
			path = Extensions;
			sourceTree = "<group>";
		};
		5B6C80D82DF2390A0096F885 /* Model */ = {
			isa = PBXGroup;
			children = (
				5B6C80DB2DF239820096F885 /* Character.swift */,
				5B6C80D92DF239260096F885 /* CharactersPage.swift */,
				5B9C33882DF85B9400D1D3CB /* Comic.swift */,
				5B9C338A2DF85CAA00D1D3CB /* ComicsPage.swift */,
				5B9C33792DF7357900D1D3CB /* Thumbnail.swift */,
			);
			path = Model;
			sourceTree = "<group>";
		};
		5B6C80DD2DF23AE60096F885 /* Mapper */ = {
			isa = PBXGroup;
			children = (
				5B6C80E02DF23B710096F885 /* CharacterMapper.swift */,
				5B6C80DE2DF23B010096F885 /* CharactersPageMapper.swift */,
				5B9C338C2DF85CEB00D1D3CB /* ComicMapper.swift */,
				5B9C338E2DF85CFB00D1D3CB /* ComicsPageMapper.swift */,
				5B9C33902DF85DB200D1D3CB /* ThumbnailMapper.swift */,
			);
			path = Mapper;
			sourceTree = "<group>";
		};
		5B6C81902DF2429C0096F885 /* Presentation */ = {
			isa = PBXGroup;
			children = (
				5B9C33942DF8B8A200D1D3CB /* UI */,
				1A821EC42862FD470024D397 /* CharactersList */,
				1A821EC52862FD500024D397 /* CharacterDetail */,
			);
			path = Presentation;
			sourceTree = "<group>";
		};
		5B9C30762DF3499700D1D3CB /* DI */ = {
			isa = PBXGroup;
			children = (
				5B9C30772DF349BD00D1D3CB /* DIContainer.swift */,
			);
			path = DI;
			sourceTree = "<group>";
		};
		5B9C312D2DF46ABA00D1D3CB /* Mock */ = {
			isa = PBXGroup;
			children = (
				5B9C31302DF46B0D00D1D3CB /* Mock.generated.swift */,
			);
			path = Mock;
			sourceTree = "<group>";
		};
		5B9C31E02DF4704500D1D3CB /* Domain */ = {
			isa = PBXGroup;
			children = (
				5B9C31E22DF4705F00D1D3CB /* UseCases */,
			);
			path = Domain;
			sourceTree = "<group>";
		};
		5B9C31E12DF4705000D1D3CB /* Data */ = {
			isa = PBXGroup;
			children = (
				5B9C31E32DF4706700D1D3CB /* Repository */,
			);
			path = Data;
			sourceTree = "<group>";
		};
		5B9C31E22DF4705F00D1D3CB /* UseCases */ = {
			isa = PBXGroup;
			children = (
				5B9C31E62DF488F900D1D3CB /* GetCharactersUseCaseTests.swift */,
			);
			path = UseCases;
			sourceTree = "<group>";
		};
		5B9C31E32DF4706700D1D3CB /* Repository */ = {
			isa = PBXGroup;
			children = (
				5B9C31E42DF4708B00D1D3CB /* CharactersRepositoryTests.swift */,
			);
			path = Repository;
			sourceTree = "<group>";
		};
		5B9C31EA2DF4944300D1D3CB /* Presentation */ = {
			isa = PBXGroup;
			children = (
				5B9C31EB2DF4945900D1D3CB /* CharactersList */,
			);
			path = Presentation;
			sourceTree = "<group>";
		};
		5B9C31EB2DF4945900D1D3CB /* CharactersList */ = {
			isa = PBXGroup;
			children = (
				5B9C31EC2DF4946700D1D3CB /* CharactersListViewModelTests.swift */,
			);
			path = CharactersList;
			sourceTree = "<group>";
		};
		5B9C31F12DF4AB3800D1D3CB /* Core */ = {
			isa = PBXGroup;
			children = (
				5B9C31F22DF4AB3D00D1D3CB /* Devices.swift */,
				5B9C32BE2DF4CD3600D1D3CB /* UIGroup.swift */,
			);
			path = Core;
			sourceTree = "<group>";
		};
		5B9C31F42DF4ABF800D1D3CB /* Screenshots */ = {
			isa = PBXGroup;
			children = (
				5B9C31F12DF4AB3800D1D3CB /* Core */,
				5B9C32C02DF4CD6100D1D3CB /* CharactersListUIGroup.swift */,
				5B9C337F2DF795FD00D1D3CB /* CharacterDetailUIGroup.swift */,
			);
			path = Screenshots;
			sourceTree = "<group>";
		};
		5B9C31F62DF4AE0E00D1D3CB /* CharactersList */ = {
			isa = PBXGroup;
			children = (
				5B9C31F72DF4AE4B00D1D3CB /* CharactersListScreenTests.swift */,
			);
			path = CharactersList;
			sourceTree = "<group>";
		};
		5B9C320A2DF4B1BE00D1D3CB /* WallaMarvelSnapshotTests */ = {
			isa = PBXGroup;
			children = (
				5B9C31F42DF4ABF800D1D3CB /* Screenshots */,
				5B9C31F62DF4AE0E00D1D3CB /* CharactersList */,
				5B9C33812DF7969700D1D3CB /* CharacterDetail */,
			);
			path = WallaMarvelSnapshotTests;
			sourceTree = "<group>";
		};
		5B9C33762DF6FCF600D1D3CB /* Coordinator */ = {
			isa = PBXGroup;
			children = (
				5B9C33772DF6FD0800D1D3CB /* Coordinator.swift */,
			);
			path = Coordinator;
			sourceTree = "<group>";
		};
		5B9C33812DF7969700D1D3CB /* CharacterDetail */ = {
			isa = PBXGroup;
			children = (
				5B9C33822DF796DB00D1D3CB /* CharacterDetailScreenTests.swift */,
			);
			path = CharacterDetail;
			sourceTree = "<group>";
		};
		5B9C33942DF8B8A200D1D3CB /* UI */ = {
			isa = PBXGroup;
			children = (
				5B9C33952DF8B8A700D1D3CB /* Components */,
			);
			path = UI;
			sourceTree = "<group>";
		};
		5B9C33952DF8B8A700D1D3CB /* Components */ = {
			isa = PBXGroup;
			children = (
				5B9C33982DF8B96D00D1D3CB /* States */,
			);
			path = Components;
			sourceTree = "<group>";
		};
		5B9C33982DF8B96D00D1D3CB /* States */ = {
			isa = PBXGroup;
			children = (
				5B9C33992DF8B97600D1D3CB /* ErrorState.swift */,
				5B9C33962DF8B8AE00D1D3CB /* EmptyState.swift */,
			);
			path = States;
			sourceTree = "<group>";
		};
/* End PBXGroup section */

/* Begin PBXNativeTarget section */
		1A0E3A942862F7E200132FCB /* WallaMarvel */ = {
			isa = PBXNativeTarget;
			buildConfigurationList = 1A0E3ABF2862F7E300132FCB /* Build configuration list for PBXNativeTarget "WallaMarvel" */;
			buildPhases = (
				1A0E3A912862F7E200132FCB /* Sources */,
				5B6C80C82DF0E11F0096F885 /* SwiftLint */,
				1A0E3A922862F7E200132FCB /* Frameworks */,
				1A0E3A932862F7E200132FCB /* Resources */,
			);
			buildRules = (
			);
			dependencies = (
			);
			name = WallaMarvel;
			productName = WallaMarvel;
			productReference = 1A0E3A952862F7E200132FCB /* WallaMarvel.app */;
			productType = "com.apple.product-type.application";
		};
		1A0E3AAA2862F7E300132FCB /* WallaMarvelTests */ = {
			isa = PBXNativeTarget;
			buildConfigurationList = 1A0E3AC22862F7E300132FCB /* Build configuration list for PBXNativeTarget "WallaMarvelTests" */;
			buildPhases = (
				1A0E3AA72862F7E300132FCB /* Sources */,
				1A0E3AA82862F7E300132FCB /* Frameworks */,
				1A0E3AA92862F7E300132FCB /* Resources */,
			);
			buildRules = (
			);
			dependencies = (
				1A0E3AAD2862F7E300132FCB /* PBXTargetDependency */,
			);
			name = WallaMarvelTests;
			productName = WallaMarvelTests;
			productReference = 1A0E3AAB2862F7E300132FCB /* WallaMarvelTests.xctest */;
			productType = "com.apple.product-type.bundle.unit-test";
		};
		1A0E3AB42862F7E300132FCB /* WallaMarvelUITests */ = {
			isa = PBXNativeTarget;
			buildConfigurationList = 1A0E3AC52862F7E300132FCB /* Build configuration list for PBXNativeTarget "WallaMarvelUITests" */;
			buildPhases = (
				1A0E3AB12862F7E300132FCB /* Sources */,
				1A0E3AB22862F7E300132FCB /* Frameworks */,
				1A0E3AB32862F7E300132FCB /* Resources */,
			);
			buildRules = (
			);
			dependencies = (
				1A0E3AB72862F7E300132FCB /* PBXTargetDependency */,
			);
			name = WallaMarvelUITests;
			productName = WallaMarvelUITests;
			productReference = 1A0E3AB52862F7E300132FCB /* WallaMarvelUITests.xctest */;
			productType = "com.apple.product-type.bundle.ui-testing";
		};
		5B9C31FC2DF4B16900D1D3CB /* WallaMarvelSnapshotTests */ = {
			isa = PBXNativeTarget;
			buildConfigurationList = 5B9C32032DF4B16900D1D3CB /* Build configuration list for PBXNativeTarget "WallaMarvelSnapshotTests" */;
			buildPhases = (
				5B9C31F92DF4B16900D1D3CB /* Sources */,
				5B9C31FA2DF4B16900D1D3CB /* Frameworks */,
				5B9C31FB2DF4B16900D1D3CB /* Resources */,
			);
			buildRules = (
			);
			dependencies = (
				5B9C32022DF4B16900D1D3CB /* PBXTargetDependency */,
			);
			name = WallaMarvelSnapshotTests;
			packageProductDependencies = (
				5B9C32072DF4B1A200D1D3CB /* SnapshotTesting */,
			);
			productName = WallaMarvelSnapshotTests;
			productReference = 5B9C31FD2DF4B16900D1D3CB /* WallaMarvelSnapshotTests.xctest */;
			productType = "com.apple.product-type.bundle.unit-test";
		};
/* End PBXNativeTarget section */

/* Begin PBXProject section */
		1A0E3A8D2862F7E200132FCB /* Project object */ = {
			isa = PBXProject;
			attributes = {
				BuildIndependentTargetsInParallel = 1;
				LastSwiftUpdateCheck = 1600;
				LastUpgradeCheck = 1600;
				TargetAttributes = {
					1A0E3A942862F7E200132FCB = {
						CreatedOnToolsVersion = 13.4.1;
					};
					1A0E3AAA2862F7E300132FCB = {
						CreatedOnToolsVersion = 13.4.1;
						TestTargetID = 1A0E3A942862F7E200132FCB;
					};
					1A0E3AB42862F7E300132FCB = {
						CreatedOnToolsVersion = 13.4.1;
						LastSwiftMigration = 1600;
						TestTargetID = 1A0E3A942862F7E200132FCB;
					};
					5B9C31FC2DF4B16900D1D3CB = {
						CreatedOnToolsVersion = 16.0;
						TestTargetID = 1A0E3A942862F7E200132FCB;
					};
				};
			};
			buildConfigurationList = 1A0E3A902862F7E200132FCB /* Build configuration list for PBXProject "WallaMarvel" */;
			compatibilityVersion = "Xcode 13.0";
			developmentRegion = en;
			hasScannedForEncodings = 0;
			knownRegions = (
				en,
				Base,
			);
			mainGroup = 1A0E3A8C2862F7E200132FCB;
			packageReferences = (
				A66389F12DCE202500466318 /* XCRemoteSwiftPackageReference "Kingfisher" */,
				5B9C30732DF348FA00D1D3CB /* XCRemoteSwiftPackageReference "Swinject" */,
				5B9C31272DF443DA00D1D3CB /* XCRemoteSwiftPackageReference "SwiftyMocky" */,
				5B9C32062DF4B1A200D1D3CB /* XCRemoteSwiftPackageReference "swift-snapshot-testing" */,
			);
			productRefGroup = 1A0E3A962862F7E200132FCB /* Products */;
			projectDirPath = "";
			projectRoot = "";
			targets = (
				1A0E3A942862F7E200132FCB /* WallaMarvel */,
				1A0E3AAA2862F7E300132FCB /* WallaMarvelTests */,
				5B9C31FC2DF4B16900D1D3CB /* WallaMarvelSnapshotTests */,
				1A0E3AB42862F7E300132FCB /* WallaMarvelUITests */,
			);
		};
/* End PBXProject section */

/* Begin PBXResourcesBuildPhase section */
		1A0E3A932862F7E200132FCB /* Resources */ = {
			isa = PBXResourcesBuildPhase;
			buildActionMask = 2147483647;
			files = (
				1A0E3AA52862F7E300132FCB /* LaunchScreen.storyboard in Resources */,
				1A0E3AA22862F7E300132FCB /* Assets.xcassets in Resources */,
			);
			runOnlyForDeploymentPostprocessing = 0;
		};
		1A0E3AA92862F7E300132FCB /* Resources */ = {
			isa = PBXResourcesBuildPhase;
			buildActionMask = 2147483647;
			files = (
			);
			runOnlyForDeploymentPostprocessing = 0;
		};
		1A0E3AB32862F7E300132FCB /* Resources */ = {
			isa = PBXResourcesBuildPhase;
			buildActionMask = 2147483647;
			files = (
			);
			runOnlyForDeploymentPostprocessing = 0;
		};
		5B9C31FB2DF4B16900D1D3CB /* Resources */ = {
			isa = PBXResourcesBuildPhase;
			buildActionMask = 2147483647;
			files = (
			);
			runOnlyForDeploymentPostprocessing = 0;
		};
/* End PBXResourcesBuildPhase section */

/* Begin PBXShellScriptBuildPhase section */
		5B6C80C82DF0E11F0096F885 /* SwiftLint */ = {
			isa = PBXShellScriptBuildPhase;
			alwaysOutOfDate = 1;
			buildActionMask = 2147483647;
			files = (
			);
			inputFileListPaths = (
			);
			inputPaths = (
			);
			name = SwiftLint;
			outputFileListPaths = (
			);
			outputPaths = (
			);
			runOnlyForDeploymentPostprocessing = 0;
			shellPath = /bin/sh;
			shellScript = "export PATH=\"$PATH:/opt/homebrew/bin\"\n\nif which swiftlint; then\n    swiftlint —-fix && swiftlint\nelse\n  echo \"warning: SwiftLint not installed, download from https://github.com/realm/SwiftLint\"\nfi\n";
		};
/* End PBXShellScriptBuildPhase section */

/* Begin PBXSourcesBuildPhase section */
		1A0E3A912862F7E200132FCB /* Sources */ = {
			isa = PBXSourcesBuildPhase;
			buildActionMask = 2147483647;
			files = (
				5B9C33972DF8B8AE00D1D3CB /* EmptyState.swift in Sources */,
				5B9C33852DF858AB00D1D3CB /* ComicDataContainerEntity.swift in Sources */,
				1A821ED82863081A0024D397 /* CharactersRepository.swift in Sources */,
				5B6C80CE2DF195300096F885 /* API.swift in Sources */,
				5B6C80D52DF19AFC0096F885 /* CharactersRemoteDataSource.swift in Sources */,
				5B6C80DA2DF239260096F885 /* CharactersPage.swift in Sources */,
				1AC0347F2863214900E93178 /* GetCharactersUseCase.swift in Sources */,
				5B9C338B2DF85CAA00D1D3CB /* ComicsPage.swift in Sources */,
				1A7B9BBD286D81AA00EBC1A6 /* CharacterEntity.swift in Sources */,
				5B9C337A2DF7357900D1D3CB /* Thumbnail.swift in Sources */,
				1A0E3A992862F7E200132FCB /* AppDelegate.swift in Sources */,
				5B9C33932DF85E7400D1D3CB /* GetCharacterComicsUseCase.swift in Sources */,
				1A821ECC2862FF990024D397 /* String+Ext.swift in Sources */,
				5B9C338F2DF85CFB00D1D3CB /* ComicsPageMapper.swift in Sources */,
				5B9C33892DF85B9400D1D3CB /* Comic.swift in Sources */,
				5B9C33782DF6FD0800D1D3CB /* Coordinator.swift in Sources */,
				5B6C80D32DF195E90096F885 /* URLRequestConvertible.swift in Sources */,
				5B6C80E12DF23B710096F885 /* CharacterMapper.swift in Sources */,
				5B9C33752DF6E0D100D1D3CB /* MockCharacterViewModel.swift in Sources */,
				5B9C338D2DF85CEB00D1D3CB /* ComicMapper.swift in Sources */,
				5B6C80CB2DF18AA80096F885 /* DataError.swift in Sources */,
				5B9C339A2DF8B97600D1D3CB /* ErrorState.swift in Sources */,
				1A7B9BBF286D81B600EBC1A6 /* ThumbnailEntity.swift in Sources */,
				5B9C31E92DF4938000D1D3CB /* MockCharactersListViewModel.swift in Sources */,
				5B9C30782DF349BD00D1D3CB /* DIContainer.swift in Sources */,
				5B9C33912DF85DB200D1D3CB /* ThumbnailMapper.swift in Sources */,
				5B6C80DC2DF239820096F885 /* Character.swift in Sources */,
				5B6C80C72DF0CBC40096F885 /* RemoteDataSource.swift in Sources */,
				1A0E3A9B2862F7E200132FCB /* SceneDelegate.swift in Sources */,
				5B6C80C52DF0CA460096F885 /* HttpConstants.swift in Sources */,
				5B6C80DF2DF23B010096F885 /* CharactersPageMapper.swift in Sources */,
				5B6C80D12DF195600096F885 /* CharactersAPI.swift in Sources */,
				5B6C81922DF2470E0096F885 /* CharactersListView.swift in Sources */,
				5B9C33712DF6D86800D1D3CB /* CharacterDetailViewModel.swift in Sources */,
				5B9C33732DF6D87100D1D3CB /* CharacterDetailView.swift in Sources */,
				5B6C81942DF247270096F885 /* CharactersListViewModel.swift in Sources */,
				5B9C33872DF858C600D1D3CB /* ComicEntity.swift in Sources */,
				1A821ED4286302EC0024D397 /* CharacterDataContainerEntity.swift in Sources */,
			);
			runOnlyForDeploymentPostprocessing = 0;
		};
		1A0E3AA72862F7E300132FCB /* Sources */ = {
			isa = PBXSourcesBuildPhase;
			buildActionMask = 2147483647;
			files = (
				5B9C31ED2DF4946700D1D3CB /* CharactersListViewModelTests.swift in Sources */,
				5B9C31E72DF488F900D1D3CB /* GetCharactersUseCaseTests.swift in Sources */,
				5B9C31E52DF4708B00D1D3CB /* CharactersRepositoryTests.swift in Sources */,
				5B9C31312DF46B0D00D1D3CB /* Mock.generated.swift in Sources */,
			);
			runOnlyForDeploymentPostprocessing = 0;
		};
		1A0E3AB12862F7E300132FCB /* Sources */ = {
			isa = PBXSourcesBuildPhase;
			buildActionMask = 2147483647;
			files = (
			);
			runOnlyForDeploymentPostprocessing = 0;
		};
		5B9C31F92DF4B16900D1D3CB /* Sources */ = {
			isa = PBXSourcesBuildPhase;
			buildActionMask = 2147483647;
			files = (
				5B9C33832DF796DB00D1D3CB /* CharacterDetailScreenTests.swift in Sources */,
				5B9C320C2DF4B22A00D1D3CB /* CharactersListScreenTests.swift in Sources */,
				5B9C33802DF795FD00D1D3CB /* CharacterDetailUIGroup.swift in Sources */,
				5B9C32C12DF4CD6100D1D3CB /* CharactersListUIGroup.swift in Sources */,
				5B9C320F2DF4B24B00D1D3CB /* Devices.swift in Sources */,
				5B9C32BF2DF4CD3600D1D3CB /* UIGroup.swift in Sources */,
			);
			runOnlyForDeploymentPostprocessing = 0;
		};
/* End PBXSourcesBuildPhase section */

/* Begin PBXTargetDependency section */
		1A0E3AAD2862F7E300132FCB /* PBXTargetDependency */ = {
			isa = PBXTargetDependency;
			target = 1A0E3A942862F7E200132FCB /* WallaMarvel */;
			targetProxy = 1A0E3AAC2862F7E300132FCB /* PBXContainerItemProxy */;
		};
		1A0E3AB72862F7E300132FCB /* PBXTargetDependency */ = {
			isa = PBXTargetDependency;
			target = 1A0E3A942862F7E200132FCB /* WallaMarvel */;
			targetProxy = 1A0E3AB62862F7E300132FCB /* PBXContainerItemProxy */;
		};
		5B9C32022DF4B16900D1D3CB /* PBXTargetDependency */ = {
			isa = PBXTargetDependency;
			target = 1A0E3A942862F7E200132FCB /* WallaMarvel */;
			targetProxy = 5B9C32012DF4B16900D1D3CB /* PBXContainerItemProxy */;
		};
/* End PBXTargetDependency section */

/* Begin PBXVariantGroup section */
		1A0E3AA32862F7E300132FCB /* LaunchScreen.storyboard */ = {
			isa = PBXVariantGroup;
			children = (
				1A0E3AA42862F7E300132FCB /* Base */,
			);
			name = LaunchScreen.storyboard;
			sourceTree = "<group>";
		};
/* End PBXVariantGroup section */

/* Begin XCBuildConfiguration section */
		1A0E3ABD2862F7E300132FCB /* Debug */ = {
			isa = XCBuildConfiguration;
			baseConfigurationReference = 5B6C80BB2DF09D330096F885 /* Config.xcconfig */;
			buildSettings = {
				ALWAYS_SEARCH_USER_PATHS = NO;
				CLANG_ANALYZER_NONNULL = YES;
				CLANG_ANALYZER_NUMBER_OBJECT_CONVERSION = YES_AGGRESSIVE;
				CLANG_CXX_LANGUAGE_STANDARD = "gnu++17";
				CLANG_ENABLE_MODULES = YES;
				CLANG_ENABLE_OBJC_ARC = YES;
				CLANG_ENABLE_OBJC_WEAK = YES;
				CLANG_WARN_BLOCK_CAPTURE_AUTORELEASING = YES;
				CLANG_WARN_BOOL_CONVERSION = YES;
				CLANG_WARN_COMMA = YES;
				CLANG_WARN_CONSTANT_CONVERSION = YES;
				CLANG_WARN_DEPRECATED_OBJC_IMPLEMENTATIONS = YES;
				CLANG_WARN_DIRECT_OBJC_ISA_USAGE = YES_ERROR;
				CLANG_WARN_DOCUMENTATION_COMMENTS = YES;
				CLANG_WARN_EMPTY_BODY = YES;
				CLANG_WARN_ENUM_CONVERSION = YES;
				CLANG_WARN_INFINITE_RECURSION = YES;
				CLANG_WARN_INT_CONVERSION = YES;
				CLANG_WARN_NON_LITERAL_NULL_CONVERSION = YES;
				CLANG_WARN_OBJC_IMPLICIT_RETAIN_SELF = YES;
				CLANG_WARN_OBJC_LITERAL_CONVERSION = YES;
				CLANG_WARN_OBJC_ROOT_CLASS = YES_ERROR;
				CLANG_WARN_QUOTED_INCLUDE_IN_FRAMEWORK_HEADER = YES;
				CLANG_WARN_RANGE_LOOP_ANALYSIS = YES;
				CLANG_WARN_STRICT_PROTOTYPES = YES;
				CLANG_WARN_SUSPICIOUS_MOVE = YES;
				CLANG_WARN_UNGUARDED_AVAILABILITY = YES_AGGRESSIVE;
				CLANG_WARN_UNREACHABLE_CODE = YES;
				CLANG_WARN__DUPLICATE_METHOD_MATCH = YES;
				COPY_PHASE_STRIP = NO;
				DEBUG_INFORMATION_FORMAT = dwarf;
				ENABLE_STRICT_OBJC_MSGSEND = YES;
				ENABLE_TESTABILITY = YES;
				ENABLE_USER_SCRIPT_SANDBOXING = NO;
				GCC_C_LANGUAGE_STANDARD = gnu11;
				GCC_DYNAMIC_NO_PIC = NO;
				GCC_NO_COMMON_BLOCKS = YES;
				GCC_OPTIMIZATION_LEVEL = 0;
				GCC_PREPROCESSOR_DEFINITIONS = (
					"DEBUG=1",
					"$(inherited)",
				);
				GCC_WARN_64_TO_32_BIT_CONVERSION = YES;
				GCC_WARN_ABOUT_RETURN_TYPE = YES_ERROR;
				GCC_WARN_UNDECLARED_SELECTOR = YES;
				GCC_WARN_UNINITIALIZED_AUTOS = YES_AGGRESSIVE;
				GCC_WARN_UNUSED_FUNCTION = YES;
				GCC_WARN_UNUSED_VARIABLE = YES;
				IPHONEOS_DEPLOYMENT_TARGET = 15.5;
				MTL_ENABLE_DEBUG_INFO = INCLUDE_SOURCE;
				MTL_FAST_MATH = YES;
				ONLY_ACTIVE_ARCH = YES;
				SDKROOT = iphoneos;
				SWIFT_ACTIVE_COMPILATION_CONDITIONS = DEBUG;
				SWIFT_OPTIMIZATION_LEVEL = "-Onone";
			};
			name = Debug;
		};
		1A0E3ABE2862F7E300132FCB /* Release */ = {
			isa = XCBuildConfiguration;
			baseConfigurationReference = 5B6C80BB2DF09D330096F885 /* Config.xcconfig */;
			buildSettings = {
				ALWAYS_SEARCH_USER_PATHS = NO;
				CLANG_ANALYZER_NONNULL = YES;
				CLANG_ANALYZER_NUMBER_OBJECT_CONVERSION = YES_AGGRESSIVE;
				CLANG_CXX_LANGUAGE_STANDARD = "gnu++17";
				CLANG_ENABLE_MODULES = YES;
				CLANG_ENABLE_OBJC_ARC = YES;
				CLANG_ENABLE_OBJC_WEAK = YES;
				CLANG_WARN_BLOCK_CAPTURE_AUTORELEASING = YES;
				CLANG_WARN_BOOL_CONVERSION = YES;
				CLANG_WARN_COMMA = YES;
				CLANG_WARN_CONSTANT_CONVERSION = YES;
				CLANG_WARN_DEPRECATED_OBJC_IMPLEMENTATIONS = YES;
				CLANG_WARN_DIRECT_OBJC_ISA_USAGE = YES_ERROR;
				CLANG_WARN_DOCUMENTATION_COMMENTS = YES;
				CLANG_WARN_EMPTY_BODY = YES;
				CLANG_WARN_ENUM_CONVERSION = YES;
				CLANG_WARN_INFINITE_RECURSION = YES;
				CLANG_WARN_INT_CONVERSION = YES;
				CLANG_WARN_NON_LITERAL_NULL_CONVERSION = YES;
				CLANG_WARN_OBJC_IMPLICIT_RETAIN_SELF = YES;
				CLANG_WARN_OBJC_LITERAL_CONVERSION = YES;
				CLANG_WARN_OBJC_ROOT_CLASS = YES_ERROR;
				CLANG_WARN_QUOTED_INCLUDE_IN_FRAMEWORK_HEADER = YES;
				CLANG_WARN_RANGE_LOOP_ANALYSIS = YES;
				CLANG_WARN_STRICT_PROTOTYPES = YES;
				CLANG_WARN_SUSPICIOUS_MOVE = YES;
				CLANG_WARN_UNGUARDED_AVAILABILITY = YES_AGGRESSIVE;
				CLANG_WARN_UNREACHABLE_CODE = YES;
				CLANG_WARN__DUPLICATE_METHOD_MATCH = YES;
				COPY_PHASE_STRIP = NO;
				DEBUG_INFORMATION_FORMAT = "dwarf-with-dsym";
				ENABLE_NS_ASSERTIONS = NO;
				ENABLE_STRICT_OBJC_MSGSEND = YES;
				ENABLE_USER_SCRIPT_SANDBOXING = NO;
				GCC_C_LANGUAGE_STANDARD = gnu11;
				GCC_NO_COMMON_BLOCKS = YES;
				GCC_WARN_64_TO_32_BIT_CONVERSION = YES;
				GCC_WARN_ABOUT_RETURN_TYPE = YES_ERROR;
				GCC_WARN_UNDECLARED_SELECTOR = YES;
				GCC_WARN_UNINITIALIZED_AUTOS = YES_AGGRESSIVE;
				GCC_WARN_UNUSED_FUNCTION = YES;
				GCC_WARN_UNUSED_VARIABLE = YES;
				IPHONEOS_DEPLOYMENT_TARGET = 15.5;
				MTL_ENABLE_DEBUG_INFO = NO;
				MTL_FAST_MATH = YES;
				SDKROOT = iphoneos;
				SWIFT_COMPILATION_MODE = wholemodule;
				SWIFT_OPTIMIZATION_LEVEL = "-O";
				VALIDATE_PRODUCT = YES;
			};
			name = Release;
		};
		1A0E3AC02862F7E300132FCB /* Debug */ = {
			isa = XCBuildConfiguration;
			buildSettings = {
				ASSETCATALOG_COMPILER_APPICON_NAME = AppIcon;
				ASSETCATALOG_COMPILER_GLOBAL_ACCENT_COLOR_NAME = AccentColor;
				CODE_SIGN_STYLE = Automatic;
				CURRENT_PROJECT_VERSION = 1;
				GENERATE_INFOPLIST_FILE = YES;
				INFOPLIST_FILE = WallaMarvel/Info.plist;
				INFOPLIST_KEY_UIApplicationSupportsIndirectInputEvents = YES;
				INFOPLIST_KEY_UILaunchStoryboardName = LaunchScreen;
				INFOPLIST_KEY_UISupportedInterfaceOrientations_iPad = "UIInterfaceOrientationPortrait UIInterfaceOrientationPortraitUpsideDown UIInterfaceOrientationLandscapeLeft UIInterfaceOrientationLandscapeRight";
				INFOPLIST_KEY_UISupportedInterfaceOrientations_iPhone = "UIInterfaceOrientationPortrait UIInterfaceOrientationLandscapeLeft UIInterfaceOrientationLandscapeRight";
				IPHONEOS_DEPLOYMENT_TARGET = 15.5;
				LD_RUNPATH_SEARCH_PATHS = (
					"$(inherited)",
					"@executable_path/Frameworks",
				);
				MARKETING_VERSION = 1.0;
				PRODUCT_BUNDLE_IDENTIFIER = com.wallapop.WallaMarvel;
				PRODUCT_NAME = "$(TARGET_NAME)";
				SWIFT_EMIT_LOC_STRINGS = YES;
				SWIFT_VERSION = 5.0;
				TARGETED_DEVICE_FAMILY = "1,2";
			};
			name = Debug;
		};
		1A0E3AC12862F7E300132FCB /* Release */ = {
			isa = XCBuildConfiguration;
			buildSettings = {
				ASSETCATALOG_COMPILER_APPICON_NAME = AppIcon;
				ASSETCATALOG_COMPILER_GLOBAL_ACCENT_COLOR_NAME = AccentColor;
				CODE_SIGN_STYLE = Automatic;
				CURRENT_PROJECT_VERSION = 1;
				GENERATE_INFOPLIST_FILE = YES;
				INFOPLIST_FILE = WallaMarvel/Info.plist;
				INFOPLIST_KEY_UIApplicationSupportsIndirectInputEvents = YES;
				INFOPLIST_KEY_UILaunchStoryboardName = LaunchScreen;
				INFOPLIST_KEY_UISupportedInterfaceOrientations_iPad = "UIInterfaceOrientationPortrait UIInterfaceOrientationPortraitUpsideDown UIInterfaceOrientationLandscapeLeft UIInterfaceOrientationLandscapeRight";
				INFOPLIST_KEY_UISupportedInterfaceOrientations_iPhone = "UIInterfaceOrientationPortrait UIInterfaceOrientationLandscapeLeft UIInterfaceOrientationLandscapeRight";
				IPHONEOS_DEPLOYMENT_TARGET = 15.5;
				LD_RUNPATH_SEARCH_PATHS = (
					"$(inherited)",
					"@executable_path/Frameworks",
				);
				MARKETING_VERSION = 1.0;
				PRODUCT_BUNDLE_IDENTIFIER = com.wallapop.WallaMarvel;
				PRODUCT_NAME = "$(TARGET_NAME)";
				SWIFT_EMIT_LOC_STRINGS = YES;
				SWIFT_VERSION = 5.0;
				TARGETED_DEVICE_FAMILY = "1,2";
			};
			name = Release;
		};
		1A0E3AC32862F7E300132FCB /* Debug */ = {
			isa = XCBuildConfiguration;
			buildSettings = {
				BUNDLE_LOADER = "$(TEST_HOST)";
				CODE_SIGN_STYLE = Automatic;
				CURRENT_PROJECT_VERSION = 1;
				GENERATE_INFOPLIST_FILE = YES;
				IPHONEOS_DEPLOYMENT_TARGET = 15.5;
				MARKETING_VERSION = 1.0;
				PRODUCT_BUNDLE_IDENTIFIER = com.wallapop.WallaMarvelTests;
				PRODUCT_NAME = "$(TARGET_NAME)";
				SWIFT_EMIT_LOC_STRINGS = NO;
				SWIFT_VERSION = 5.0;
				TARGETED_DEVICE_FAMILY = "1,2";
				TEST_HOST = "$(BUILT_PRODUCTS_DIR)/WallaMarvel.app/WallaMarvel";
			};
			name = Debug;
		};
		1A0E3AC42862F7E300132FCB /* Release */ = {
			isa = XCBuildConfiguration;
			buildSettings = {
				BUNDLE_LOADER = "$(TEST_HOST)";
				CODE_SIGN_STYLE = Automatic;
				CURRENT_PROJECT_VERSION = 1;
				GENERATE_INFOPLIST_FILE = YES;
				IPHONEOS_DEPLOYMENT_TARGET = 15.5;
				MARKETING_VERSION = 1.0;
				PRODUCT_BUNDLE_IDENTIFIER = com.wallapop.WallaMarvelTests;
				PRODUCT_NAME = "$(TARGET_NAME)";
				SWIFT_EMIT_LOC_STRINGS = NO;
				SWIFT_VERSION = 5.0;
				TARGETED_DEVICE_FAMILY = "1,2";
				TEST_HOST = "$(BUILT_PRODUCTS_DIR)/WallaMarvel.app/WallaMarvel";
			};
			name = Release;
		};
		1A0E3AC62862F7E300132FCB /* Debug */ = {
			isa = XCBuildConfiguration;
			buildSettings = {
				CLANG_ENABLE_MODULES = YES;
				CODE_SIGN_STYLE = Automatic;
				CURRENT_PROJECT_VERSION = 1;
				GENERATE_INFOPLIST_FILE = YES;
				MARKETING_VERSION = 1.0;
				PRODUCT_BUNDLE_IDENTIFIER = com.wallapop.WallaMarvelUITests;
				PRODUCT_NAME = "$(TARGET_NAME)";
				SWIFT_EMIT_LOC_STRINGS = NO;
				SWIFT_OPTIMIZATION_LEVEL = "-Onone";
				SWIFT_VERSION = 5.0;
				TARGETED_DEVICE_FAMILY = "1,2";
				TEST_TARGET_NAME = WallaMarvel;
			};
			name = Debug;
		};
		1A0E3AC72862F7E300132FCB /* Release */ = {
			isa = XCBuildConfiguration;
			buildSettings = {
				CLANG_ENABLE_MODULES = YES;
				CODE_SIGN_STYLE = Automatic;
				CURRENT_PROJECT_VERSION = 1;
				GENERATE_INFOPLIST_FILE = YES;
				MARKETING_VERSION = 1.0;
				PRODUCT_BUNDLE_IDENTIFIER = com.wallapop.WallaMarvelUITests;
				PRODUCT_NAME = "$(TARGET_NAME)";
				SWIFT_EMIT_LOC_STRINGS = NO;
				SWIFT_VERSION = 5.0;
				TARGETED_DEVICE_FAMILY = "1,2";
				TEST_TARGET_NAME = WallaMarvel;
			};
			name = Release;
		};
		5B9C32042DF4B16900D1D3CB /* Debug */ = {
			isa = XCBuildConfiguration;
			buildSettings = {
				ASSETCATALOG_COMPILER_GENERATE_SWIFT_ASSET_SYMBOL_EXTENSIONS = YES;
				BUNDLE_LOADER = "$(TEST_HOST)";
				CLANG_CXX_LANGUAGE_STANDARD = "gnu++20";
				CODE_SIGN_STYLE = Automatic;
				CURRENT_PROJECT_VERSION = 1;
				ENABLE_USER_SCRIPT_SANDBOXING = YES;
				GCC_C_LANGUAGE_STANDARD = gnu17;
				GENERATE_INFOPLIST_FILE = YES;
				IPHONEOS_DEPLOYMENT_TARGET = 18.0;
				LOCALIZATION_PREFERS_STRING_CATALOGS = YES;
				MARKETING_VERSION = 1.0;
				PRODUCT_BUNDLE_IDENTIFIER = com.wallapop.WallaMarvelSnapshotTests;
				PRODUCT_NAME = "$(TARGET_NAME)";
				SWIFT_ACTIVE_COMPILATION_CONDITIONS = "DEBUG $(inherited)";
				SWIFT_EMIT_LOC_STRINGS = NO;
				SWIFT_VERSION = 5.0;
				TARGETED_DEVICE_FAMILY = "1,2";
				TEST_HOST = "$(BUILT_PRODUCTS_DIR)/WallaMarvel.app/$(BUNDLE_EXECUTABLE_FOLDER_PATH)/WallaMarvel";
			};
			name = Debug;
		};
		5B9C32052DF4B16900D1D3CB /* Release */ = {
			isa = XCBuildConfiguration;
			buildSettings = {
				ASSETCATALOG_COMPILER_GENERATE_SWIFT_ASSET_SYMBOL_EXTENSIONS = YES;
				BUNDLE_LOADER = "$(TEST_HOST)";
				CLANG_CXX_LANGUAGE_STANDARD = "gnu++20";
				CODE_SIGN_STYLE = Automatic;
				CURRENT_PROJECT_VERSION = 1;
				ENABLE_USER_SCRIPT_SANDBOXING = YES;
				GCC_C_LANGUAGE_STANDARD = gnu17;
				GENERATE_INFOPLIST_FILE = YES;
				IPHONEOS_DEPLOYMENT_TARGET = 18.0;
				LOCALIZATION_PREFERS_STRING_CATALOGS = YES;
				MARKETING_VERSION = 1.0;
				PRODUCT_BUNDLE_IDENTIFIER = com.wallapop.WallaMarvelSnapshotTests;
				PRODUCT_NAME = "$(TARGET_NAME)";
				SWIFT_EMIT_LOC_STRINGS = NO;
				SWIFT_VERSION = 5.0;
				TARGETED_DEVICE_FAMILY = "1,2";
				TEST_HOST = "$(BUILT_PRODUCTS_DIR)/WallaMarvel.app/$(BUNDLE_EXECUTABLE_FOLDER_PATH)/WallaMarvel";
			};
			name = Release;
		};
/* End XCBuildConfiguration section */

/* Begin XCConfigurationList section */
		1A0E3A902862F7E200132FCB /* Build configuration list for PBXProject "WallaMarvel" */ = {
			isa = XCConfigurationList;
			buildConfigurations = (
				1A0E3ABD2862F7E300132FCB /* Debug */,
				1A0E3ABE2862F7E300132FCB /* Release */,
			);
			defaultConfigurationIsVisible = 0;
			defaultConfigurationName = Release;
		};
		1A0E3ABF2862F7E300132FCB /* Build configuration list for PBXNativeTarget "WallaMarvel" */ = {
			isa = XCConfigurationList;
			buildConfigurations = (
				1A0E3AC02862F7E300132FCB /* Debug */,
				1A0E3AC12862F7E300132FCB /* Release */,
			);
			defaultConfigurationIsVisible = 0;
			defaultConfigurationName = Release;
		};
		1A0E3AC22862F7E300132FCB /* Build configuration list for PBXNativeTarget "WallaMarvelTests" */ = {
			isa = XCConfigurationList;
			buildConfigurations = (
				1A0E3AC32862F7E300132FCB /* Debug */,
				1A0E3AC42862F7E300132FCB /* Release */,
			);
			defaultConfigurationIsVisible = 0;
			defaultConfigurationName = Release;
		};
		1A0E3AC52862F7E300132FCB /* Build configuration list for PBXNativeTarget "WallaMarvelUITests" */ = {
			isa = XCConfigurationList;
			buildConfigurations = (
				1A0E3AC62862F7E300132FCB /* Debug */,
				1A0E3AC72862F7E300132FCB /* Release */,
			);
			defaultConfigurationIsVisible = 0;
			defaultConfigurationName = Release;
		};
		5B9C32032DF4B16900D1D3CB /* Build configuration list for PBXNativeTarget "WallaMarvelSnapshotTests" */ = {
			isa = XCConfigurationList;
			buildConfigurations = (
				5B9C32042DF4B16900D1D3CB /* Debug */,
				5B9C32052DF4B16900D1D3CB /* Release */,
			);
			defaultConfigurationIsVisible = 0;
			defaultConfigurationName = Release;
		};
/* End XCConfigurationList section */

/* Begin XCRemoteSwiftPackageReference section */
		5B9C30732DF348FA00D1D3CB /* XCRemoteSwiftPackageReference "Swinject" */ = {
			isa = XCRemoteSwiftPackageReference;
			repositoryURL = "https://github.com/Swinject/Swinject.git";
			requirement = {
				kind = upToNextMajorVersion;
				minimumVersion = 2.9.1;
			};
		};
		5B9C31272DF443DA00D1D3CB /* XCRemoteSwiftPackageReference "SwiftyMocky" */ = {
			isa = XCRemoteSwiftPackageReference;
			repositoryURL = "https://github.com/MakeAWishFoundation/SwiftyMocky";
			requirement = {
				kind = upToNextMajorVersion;
				minimumVersion = 4.2.0;
			};
		};
		5B9C32062DF4B1A200D1D3CB /* XCRemoteSwiftPackageReference "swift-snapshot-testing" */ = {
			isa = XCRemoteSwiftPackageReference;
			repositoryURL = "https://github.com/pointfreeco/swift-snapshot-testing";
			requirement = {
				kind = upToNextMajorVersion;
				minimumVersion = 1.18.4;
			};
		};
		A66389F12DCE202500466318 /* XCRemoteSwiftPackageReference "Kingfisher" */ = {
			isa = XCRemoteSwiftPackageReference;
			repositoryURL = "https://github.com/onevcat/Kingfisher.git";
			requirement = {
				kind = upToNextMajorVersion;
				minimumVersion = 8.3.2;
			};
		};
/* End XCRemoteSwiftPackageReference section */

/* Begin XCSwiftPackageProductDependency section */
		5B9C30742DF348FA00D1D3CB /* Swinject */ = {
			isa = XCSwiftPackageProductDependency;
			package = 5B9C30732DF348FA00D1D3CB /* XCRemoteSwiftPackageReference "Swinject" */;
			productName = Swinject;
		};
		5B9C31282DF443DA00D1D3CB /* SwiftyMocky */ = {
			isa = XCSwiftPackageProductDependency;
			package = 5B9C31272DF443DA00D1D3CB /* XCRemoteSwiftPackageReference "SwiftyMocky" */;
			productName = SwiftyMocky;
		};
		5B9C32072DF4B1A200D1D3CB /* SnapshotTesting */ = {
			isa = XCSwiftPackageProductDependency;
			package = 5B9C32062DF4B1A200D1D3CB /* XCRemoteSwiftPackageReference "swift-snapshot-testing" */;
			productName = SnapshotTesting;
		};
		A66389F22DCE202500466318 /* Kingfisher */ = {
			isa = XCSwiftPackageProductDependency;
			package = A66389F12DCE202500466318 /* XCRemoteSwiftPackageReference "Kingfisher" */;
			productName = Kingfisher;
		};
/* End XCSwiftPackageProductDependency section */
	};
	rootObject = 1A0E3A8D2862F7E200132FCB /* Project object */;
}
